
Microsoft Visual Studio Solution File, Format Version 12.00
# Visual Studio Version 16
VisualStudioVersion = 16.0.30225.117
MinimumVisualStudioVersion = 10.0.40219.1
Project("{888888A0-9F3D-457C-B088-3A5042F75D52}") = "AIEra", "AIEra.pyproj", "{723C635E-2CFF-47E8-BCCB-022E684FB2DF}"
EndProject
Global
	GlobalSection(SolutionConfigurationPlatforms) = preSolution
		Debug|Any CPU = Debug|Any CPU
		Release|Any CPU = Release|Any CPU
	EndGlobalSection
	GlobalSection(ProjectConfigurationPlatforms) = postSolution
		{723C635E-2CFF-47E8-BCCB-022E684FB2DF}.Debug|Any CPU.ActiveCfg = Debug|Any CPU
		{723C635E-2CFF-47E8-BCCB-022E684FB2DF}.Debug|Any CPU.Build.0 = Debug|Any CPU
		{723C635E-2CFF-47E8-BCCB-022E684FB2DF}.Release|Any CPU.ActiveCfg = Release|Any CPU
		{723C635E-2CFF-47E8-BCCB-022E684FB2DF}.Release|Any CPU.Build.0 = Release|Any CPU
	EndGlobalSection
	GlobalSection(SolutionProperties) = preSolution
		HideSolutionNode = FALSE
	EndGlobalSection
	GlobalSection(ExtensibilityGlobals) = postSolution
		SolutionGuid = {C23A4F0B-FE07-4EAB-AB75-35EE9C1FA591}
	EndGlobalSection
EndGlobal
